// !$*UTF8*$!
{
	archiveVersion = 1;
	classes = {
	};
	objectVersion = 55;
	objects = {

/* Begin PBXBuildFile section */
		440B4F5627BE766A009F5A74 /* UserModel.swift in Sources */ = {isa = PBXBuildFile; fileRef = 440B4F5527BE766A009F5A74 /* UserModel.swift */; };
		440B4F5C27BE7979009F5A74 /* BaseViewController.swift in Sources */ = {isa = PBXBuildFile; fileRef = 440B4F5B27BE7979009F5A74 /* BaseViewController.swift */; };
		440B4F6027BE8347009F5A74 /* MainFlow+Appearance.swift in Sources */ = {isa = PBXBuildFile; fileRef = 440B4F5F27BE8347009F5A74 /* MainFlow+Appearance.swift */; };
		441BD86E27BE6BC500E3DB5A /* CustomButton.swift in Sources */ = {isa = PBXBuildFile; fileRef = 441BD86D27BE6BC500E3DB5A /* CustomButton.swift */; };
		441BD87127BE6F9200E3DB5A /* AuthorizationManager.swift in Sources */ = {isa = PBXBuildFile; fileRef = 441BD87027BE6F9200E3DB5A /* AuthorizationManager.swift */; };
		4479025527BC2A100043EBEC /* MainFlowNavigator.swift in Sources */ = {isa = PBXBuildFile; fileRef = 4479025427BC2A100043EBEC /* MainFlowNavigator.swift */; };
		4479025827BC2AD30043EBEC /* MainFlow+Navigation.swift in Sources */ = {isa = PBXBuildFile; fileRef = 4479025727BC2AD30043EBEC /* MainFlow+Navigation.swift */; };
		4479025D27BC2C080043EBEC /* AuthorizationFlow.swift in Sources */ = {isa = PBXBuildFile; fileRef = 4479025C27BC2C080043EBEC /* AuthorizationFlow.swift */; };
		4479025F27BC2C2E0043EBEC /* AuthorizationFlowNavigator.swift in Sources */ = {isa = PBXBuildFile; fileRef = 4479025E27BC2C2E0043EBEC /* AuthorizationFlowNavigator.swift */; };
		4479026127BC2D4B0043EBEC /* AuthorizationFactory.swift in Sources */ = {isa = PBXBuildFile; fileRef = 4479026027BC2D4B0043EBEC /* AuthorizationFactory.swift */; };
		4479026327BC2DA50043EBEC /* AuthorizationResources.swift in Sources */ = {isa = PBXBuildFile; fileRef = 4479026227BC2DA50043EBEC /* AuthorizationResources.swift */; };
		4479026527BC2DC20043EBEC /* AuthorizationViewModel.swift in Sources */ = {isa = PBXBuildFile; fileRef = 4479026427BC2DC20043EBEC /* AuthorizationViewModel.swift */; };
		4479026727BC2E040043EBEC /* AuthorizationViewController.swift in Sources */ = {isa = PBXBuildFile; fileRef = 4479026627BC2E040043EBEC /* AuthorizationViewController.swift */; };
		4479026A27BC31B40043EBEC /* RegistrationFlow.swift in Sources */ = {isa = PBXBuildFile; fileRef = 4479026927BC31B40043EBEC /* RegistrationFlow.swift */; };
		4479026C27BC32360043EBEC /* RegistrationFlowNavigator.swift in Sources */ = {isa = PBXBuildFile; fileRef = 4479026B27BC32360043EBEC /* RegistrationFlowNavigator.swift */; };
		4479026F27BC32810043EBEC /* RegistrationFactory.swift in Sources */ = {isa = PBXBuildFile; fileRef = 4479026E27BC32810043EBEC /* RegistrationFactory.swift */; };
		4479027127BC32EC0043EBEC /* RegistrationResources.swift in Sources */ = {isa = PBXBuildFile; fileRef = 4479027027BC32EC0043EBEC /* RegistrationResources.swift */; };
		4479027327BC330D0043EBEC /* RegistrationViewModel.swift in Sources */ = {isa = PBXBuildFile; fileRef = 4479027227BC330D0043EBEC /* RegistrationViewModel.swift */; };
		4479027527BC33450043EBEC /* RegistrationViewController.swift in Sources */ = {isa = PBXBuildFile; fileRef = 4479027427BC33450043EBEC /* RegistrationViewController.swift */; };
		4479027827BC33F00043EBEC /* TransactionsFlowNavigator.swift in Sources */ = {isa = PBXBuildFile; fileRef = 4479027727BC33F00043EBEC /* TransactionsFlowNavigator.swift */; };
		4479027A27BC346D0043EBEC /* TransactionsFlow.swift in Sources */ = {isa = PBXBuildFile; fileRef = 4479027927BC346D0043EBEC /* TransactionsFlow.swift */; };
		4479027D27BC34FC0043EBEC /* TransactionsFactory.swift in Sources */ = {isa = PBXBuildFile; fileRef = 4479027C27BC34FC0043EBEC /* TransactionsFactory.swift */; };
		4479027F27BC356C0043EBEC /* TransactionsResources.swift in Sources */ = {isa = PBXBuildFile; fileRef = 4479027E27BC356C0043EBEC /* TransactionsResources.swift */; };
		4479028127BC358A0043EBEC /* TransactionsViewModel.swift in Sources */ = {isa = PBXBuildFile; fileRef = 4479028027BC358A0043EBEC /* TransactionsViewModel.swift */; };
		4479028327BC35D70043EBEC /* TransactionsViewController.swift in Sources */ = {isa = PBXBuildFile; fileRef = 4479028227BC35D70043EBEC /* TransactionsViewController.swift */; };
		4479028627BC39950043EBEC /* SnapKit-Dynamic in Frameworks */ = {isa = PBXBuildFile; productRef = 4479028527BC39950043EBEC /* SnapKit-Dynamic */; };
		4479028A27BC3B5C0043EBEC /* CustomTextField.swift in Sources */ = {isa = PBXBuildFile; fileRef = 4479028927BC3B5C0043EBEC /* CustomTextField.swift */; };
		449ECC9A27C6C420006BD9EC /* TransactionManager.swift in Sources */ = {isa = PBXBuildFile; fileRef = 449ECC9927C6C420006BD9EC /* TransactionManager.swift */; };
		449ECC9C27C6D642006BD9EC /* Collection+Safe.swift in Sources */ = {isa = PBXBuildFile; fileRef = 449ECC9B27C6D642006BD9EC /* Collection+Safe.swift */; };
		44C3602127C6B1160062595E /* TransactionCell.swift in Sources */ = {isa = PBXBuildFile; fileRef = 44C3602027C6B1160062595E /* TransactionCell.swift */; };
		44C3602527C6B77A0062595E /* NetworkService.swift in Sources */ = {isa = PBXBuildFile; fileRef = 44C3602427C6B77A0062595E /* NetworkService.swift */; };
		44C3602727C6B7AB0062595E /* Constants.swift in Sources */ = {isa = PBXBuildFile; fileRef = 44C3602627C6B7AB0062595E /* Constants.swift */; };
		44C3602F27C6BAFE0062595E /* TransactionModel.swift in Sources */ = {isa = PBXBuildFile; fileRef = 44C3602E27C6BAFE0062595E /* TransactionModel.swift */; };
		44C3603127C6BD3E0062595E /* NetworkError.swift in Sources */ = {isa = PBXBuildFile; fileRef = 44C3603027C6BD3E0062595E /* NetworkError.swift */; };
		44CD2DF727C565BF002B8471 /* UITextField+Publisher.swift in Sources */ = {isa = PBXBuildFile; fileRef = 44CD2DF627C565BF002B8471 /* UITextField+Publisher.swift */; };
		44CD2DF927C57719002B8471 /* UserDefaults+PropertyWrappers.swift in Sources */ = {isa = PBXBuildFile; fileRef = 44CD2DF827C57719002B8471 /* UserDefaults+PropertyWrappers.swift */; };
		44D6B49E27BAF38B00569A49 /* AppDelegate.swift in Sources */ = {isa = PBXBuildFile; fileRef = 44D6B49D27BAF38B00569A49 /* AppDelegate.swift */; };
		44D6B4A727BAF38D00569A49 /* Assets.xcassets in Resources */ = {isa = PBXBuildFile; fileRef = 44D6B4A627BAF38D00569A49 /* Assets.xcassets */; };
		44D6B4AA27BAF38D00569A49 /* LaunchScreen.storyboard in Resources */ = {isa = PBXBuildFile; fileRef = 44D6B4A827BAF38D00569A49 /* LaunchScreen.storyboard */; };
		44D6B4B527BAF51000569A49 /* MainFlow.swift in Sources */ = {isa = PBXBuildFile; fileRef = 44D6B4B427BAF51000569A49 /* MainFlow.swift */; };
		44D6B4BA27BAF5F900569A49 /* UINavigator.swift in Sources */ = {isa = PBXBuildFile; fileRef = 44D6B4B927BAF5F900569A49 /* UINavigator.swift */; };
		44D6B4BD27BAF94600569A49 /* UIChangedRootControllerPublisher.swift in Sources */ = {isa = PBXBuildFile; fileRef = 44D6B4BC27BAF94600569A49 /* UIChangedRootControllerPublisher.swift */; };
		44D6B4BF27BAF9F700569A49 /* UINavigationController.swift in Sources */ = {isa = PBXBuildFile; fileRef = 44D6B4BE27BAF9F700569A49 /* UINavigationController.swift */; };
/* End PBXBuildFile section */

/* Begin PBXFileReference section */
		440B4F5527BE766A009F5A74 /* UserModel.swift */ = {isa = PBXFileReference; lastKnownFileType = sourcecode.swift; path = UserModel.swift; sourceTree = "<group>"; };
		440B4F5B27BE7979009F5A74 /* BaseViewController.swift */ = {isa = PBXFileReference; lastKnownFileType = sourcecode.swift; path = BaseViewController.swift; sourceTree = "<group>"; };
		440B4F5F27BE8347009F5A74 /* MainFlow+Appearance.swift */ = {isa = PBXFileReference; lastKnownFileType = sourcecode.swift; path = "MainFlow+Appearance.swift"; sourceTree = "<group>"; };
		441BD86D27BE6BC500E3DB5A /* CustomButton.swift */ = {isa = PBXFileReference; lastKnownFileType = sourcecode.swift; path = CustomButton.swift; sourceTree = "<group>"; };
		441BD87027BE6F9200E3DB5A /* AuthorizationManager.swift */ = {isa = PBXFileReference; lastKnownFileType = sourcecode.swift; path = AuthorizationManager.swift; sourceTree = "<group>"; };
		4479025427BC2A100043EBEC /* MainFlowNavigator.swift */ = {isa = PBXFileReference; lastKnownFileType = sourcecode.swift; path = MainFlowNavigator.swift; sourceTree = "<group>"; };
		4479025727BC2AD30043EBEC /* MainFlow+Navigation.swift */ = {isa = PBXFileReference; lastKnownFileType = sourcecode.swift; path = "MainFlow+Navigation.swift"; sourceTree = "<group>"; };
		4479025C27BC2C080043EBEC /* AuthorizationFlow.swift */ = {isa = PBXFileReference; lastKnownFileType = sourcecode.swift; path = AuthorizationFlow.swift; sourceTree = "<group>"; };
		4479025E27BC2C2E0043EBEC /* AuthorizationFlowNavigator.swift */ = {isa = PBXFileReference; lastKnownFileType = sourcecode.swift; path = AuthorizationFlowNavigator.swift; sourceTree = "<group>"; };
		4479026027BC2D4B0043EBEC /* AuthorizationFactory.swift */ = {isa = PBXFileReference; lastKnownFileType = sourcecode.swift; path = AuthorizationFactory.swift; sourceTree = "<group>"; };
		4479026227BC2DA50043EBEC /* AuthorizationResources.swift */ = {isa = PBXFileReference; lastKnownFileType = sourcecode.swift; path = AuthorizationResources.swift; sourceTree = "<group>"; };
		4479026427BC2DC20043EBEC /* AuthorizationViewModel.swift */ = {isa = PBXFileReference; lastKnownFileType = sourcecode.swift; path = AuthorizationViewModel.swift; sourceTree = "<group>"; };
		4479026627BC2E040043EBEC /* AuthorizationViewController.swift */ = {isa = PBXFileReference; lastKnownFileType = sourcecode.swift; path = AuthorizationViewController.swift; sourceTree = "<group>"; };
		4479026927BC31B40043EBEC /* RegistrationFlow.swift */ = {isa = PBXFileReference; lastKnownFileType = sourcecode.swift; path = RegistrationFlow.swift; sourceTree = "<group>"; };
		4479026B27BC32360043EBEC /* RegistrationFlowNavigator.swift */ = {isa = PBXFileReference; lastKnownFileType = sourcecode.swift; path = RegistrationFlowNavigator.swift; sourceTree = "<group>"; };
		4479026E27BC32810043EBEC /* RegistrationFactory.swift */ = {isa = PBXFileReference; lastKnownFileType = sourcecode.swift; path = RegistrationFactory.swift; sourceTree = "<group>"; };
		4479027027BC32EC0043EBEC /* RegistrationResources.swift */ = {isa = PBXFileReference; lastKnownFileType = sourcecode.swift; path = RegistrationResources.swift; sourceTree = "<group>"; };
		4479027227BC330D0043EBEC /* RegistrationViewModel.swift */ = {isa = PBXFileReference; lastKnownFileType = sourcecode.swift; path = RegistrationViewModel.swift; sourceTree = "<group>"; };
		4479027427BC33450043EBEC /* RegistrationViewController.swift */ = {isa = PBXFileReference; lastKnownFileType = sourcecode.swift; path = RegistrationViewController.swift; sourceTree = "<group>"; };
		4479027727BC33F00043EBEC /* TransactionsFlowNavigator.swift */ = {isa = PBXFileReference; lastKnownFileType = sourcecode.swift; path = TransactionsFlowNavigator.swift; sourceTree = "<group>"; };
		4479027927BC346D0043EBEC /* TransactionsFlow.swift */ = {isa = PBXFileReference; lastKnownFileType = sourcecode.swift; path = TransactionsFlow.swift; sourceTree = "<group>"; };
		4479027C27BC34FC0043EBEC /* TransactionsFactory.swift */ = {isa = PBXFileReference; lastKnownFileType = sourcecode.swift; path = TransactionsFactory.swift; sourceTree = "<group>"; };
		4479027E27BC356C0043EBEC /* TransactionsResources.swift */ = {isa = PBXFileReference; lastKnownFileType = sourcecode.swift; path = TransactionsResources.swift; sourceTree = "<group>"; };
		4479028027BC358A0043EBEC /* TransactionsViewModel.swift */ = {isa = PBXFileReference; lastKnownFileType = sourcecode.swift; path = TransactionsViewModel.swift; sourceTree = "<group>"; };
		4479028227BC35D70043EBEC /* TransactionsViewController.swift */ = {isa = PBXFileReference; lastKnownFileType = sourcecode.swift; path = TransactionsViewController.swift; sourceTree = "<group>"; };
		4479028927BC3B5C0043EBEC /* CustomTextField.swift */ = {isa = PBXFileReference; lastKnownFileType = sourcecode.swift; path = CustomTextField.swift; sourceTree = "<group>"; };
		449ECC9927C6C420006BD9EC /* TransactionManager.swift */ = {isa = PBXFileReference; lastKnownFileType = sourcecode.swift; path = TransactionManager.swift; sourceTree = "<group>"; };
		449ECC9B27C6D642006BD9EC /* Collection+Safe.swift */ = {isa = PBXFileReference; lastKnownFileType = sourcecode.swift; path = "Collection+Safe.swift"; sourceTree = "<group>"; };
		44C3602027C6B1160062595E /* TransactionCell.swift */ = {isa = PBXFileReference; lastKnownFileType = sourcecode.swift; path = TransactionCell.swift; sourceTree = "<group>"; };
		44C3602427C6B77A0062595E /* NetworkService.swift */ = {isa = PBXFileReference; lastKnownFileType = sourcecode.swift; path = NetworkService.swift; sourceTree = "<group>"; };
		44C3602627C6B7AB0062595E /* Constants.swift */ = {isa = PBXFileReference; lastKnownFileType = sourcecode.swift; path = Constants.swift; sourceTree = "<group>"; };
		44C3602E27C6BAFE0062595E /* TransactionModel.swift */ = {isa = PBXFileReference; lastKnownFileType = sourcecode.swift; path = TransactionModel.swift; sourceTree = "<group>"; };
		44C3603027C6BD3E0062595E /* NetworkError.swift */ = {isa = PBXFileReference; lastKnownFileType = sourcecode.swift; path = NetworkError.swift; sourceTree = "<group>"; };
		44CD2DF627C565BF002B8471 /* UITextField+Publisher.swift */ = {isa = PBXFileReference; lastKnownFileType = sourcecode.swift; path = "UITextField+Publisher.swift"; sourceTree = "<group>"; };
		44CD2DF827C57719002B8471 /* UserDefaults+PropertyWrappers.swift */ = {isa = PBXFileReference; lastKnownFileType = sourcecode.swift; path = "UserDefaults+PropertyWrappers.swift"; sourceTree = "<group>"; };
		44D6B49A27BAF38B00569A49 /* LoginApp.app */ = {isa = PBXFileReference; explicitFileType = wrapper.application; includeInIndex = 0; path = LoginApp.app; sourceTree = BUILT_PRODUCTS_DIR; };
		44D6B49D27BAF38B00569A49 /* AppDelegate.swift */ = {isa = PBXFileReference; lastKnownFileType = sourcecode.swift; path = AppDelegate.swift; sourceTree = "<group>"; };
		44D6B4A627BAF38D00569A49 /* Assets.xcassets */ = {isa = PBXFileReference; lastKnownFileType = folder.assetcatalog; path = Assets.xcassets; sourceTree = "<group>"; };
		44D6B4A927BAF38D00569A49 /* Base */ = {isa = PBXFileReference; lastKnownFileType = file.storyboard; name = Base; path = Base.lproj/LaunchScreen.storyboard; sourceTree = "<group>"; };
		44D6B4AB27BAF38D00569A49 /* Info.plist */ = {isa = PBXFileReference; lastKnownFileType = text.plist.xml; path = Info.plist; sourceTree = "<group>"; };
		44D6B4B427BAF51000569A49 /* MainFlow.swift */ = {isa = PBXFileReference; lastKnownFileType = sourcecode.swift; path = MainFlow.swift; sourceTree = "<group>"; };
		44D6B4B927BAF5F900569A49 /* UINavigator.swift */ = {isa = PBXFileReference; lastKnownFileType = sourcecode.swift; path = UINavigator.swift; sourceTree = "<group>"; };
		44D6B4BC27BAF94600569A49 /* UIChangedRootControllerPublisher.swift */ = {isa = PBXFileReference; lastKnownFileType = sourcecode.swift; path = UIChangedRootControllerPublisher.swift; sourceTree = "<group>"; };
		44D6B4BE27BAF9F700569A49 /* UINavigationController.swift */ = {isa = PBXFileReference; lastKnownFileType = sourcecode.swift; path = UINavigationController.swift; sourceTree = "<group>"; };
/* End PBXFileReference section */

/* Begin PBXFrameworksBuildPhase section */
		44D6B49727BAF38B00569A49 /* Frameworks */ = {
			isa = PBXFrameworksBuildPhase;
			buildActionMask = 2147483647;
			files = (
				4479028627BC39950043EBEC /* SnapKit-Dynamic in Frameworks */,
			);
			runOnlyForDeploymentPostprocessing = 0;
		};
/* End PBXFrameworksBuildPhase section */

/* Begin PBXGroup section */
		440B4F5427BE7658009F5A74 /* Models */ = {
			isa = PBXGroup;
			children = (
				440B4F5527BE766A009F5A74 /* UserModel.swift */,
				44C3602E27C6BAFE0062595E /* TransactionModel.swift */,
			);
			path = Models;
			sourceTree = "<group>";
		};
		440B4F5A27BE795E009F5A74 /* BaseViewController */ = {
			isa = PBXGroup;
			children = (
				440B4F5B27BE7979009F5A74 /* BaseViewController.swift */,
			);
			path = BaseViewController;
			sourceTree = "<group>";
		};
		441BD86C27BE6BB900E3DB5A /* CustomButton */ = {
			isa = PBXGroup;
			children = (
				441BD86D27BE6BC500E3DB5A /* CustomButton.swift */,
			);
			path = CustomButton;
			sourceTree = "<group>";
		};
		441BD86F27BE6F8100E3DB5A /* Managers */ = {
			isa = PBXGroup;
			children = (
				449ECC9827C6C412006BD9EC /* TransactionManager */,
				44C3602827C6B8320062595E /* AuthorizationManager */,
				44C3602927C6B83B0062595E /* NetworkService */,
			);
			path = Managers;
			sourceTree = "<group>";
		};
		4479025627BC2AB50043EBEC /* Extensions */ = {
			isa = PBXGroup;
			children = (
				4479025727BC2AD30043EBEC /* MainFlow+Navigation.swift */,
				440B4F5F27BE8347009F5A74 /* MainFlow+Appearance.swift */,
			);
			path = Extensions;
			sourceTree = "<group>";
		};
		4479025927BC2BC50043EBEC /* Flows */ = {
			isa = PBXGroup;
			children = (
				4479027627BC33E20043EBEC /* TransactionsFlow */,
				4479026827BC319F0043EBEC /* RegistrationFlow */,
				4479025A27BC2BCD0043EBEC /* AuthorizationFlow */,
			);
			path = Flows;
			sourceTree = "<group>";
		};
		4479025A27BC2BCD0043EBEC /* AuthorizationFlow */ = {
			isa = PBXGroup;
			children = (
				4479025B27BC2BDC0043EBEC /* SubModules */,
				4479025C27BC2C080043EBEC /* AuthorizationFlow.swift */,
				4479025E27BC2C2E0043EBEC /* AuthorizationFlowNavigator.swift */,
			);
			path = AuthorizationFlow;
			sourceTree = "<group>";
		};
		4479025B27BC2BDC0043EBEC /* SubModules */ = {
			isa = PBXGroup;
			children = (
				4479026027BC2D4B0043EBEC /* AuthorizationFactory.swift */,
				4479026227BC2DA50043EBEC /* AuthorizationResources.swift */,
				4479026427BC2DC20043EBEC /* AuthorizationViewModel.swift */,
				4479026627BC2E040043EBEC /* AuthorizationViewController.swift */,
			);
			path = SubModules;
			sourceTree = "<group>";
		};
		4479026827BC319F0043EBEC /* RegistrationFlow */ = {
			isa = PBXGroup;
			children = (
				4479026D27BC32700043EBEC /* SubModules */,
				4479026927BC31B40043EBEC /* RegistrationFlow.swift */,
				4479026B27BC32360043EBEC /* RegistrationFlowNavigator.swift */,
			);
			path = RegistrationFlow;
			sourceTree = "<group>";
		};
		4479026D27BC32700043EBEC /* SubModules */ = {
			isa = PBXGroup;
			children = (
				4479026E27BC32810043EBEC /* RegistrationFactory.swift */,
				4479027027BC32EC0043EBEC /* RegistrationResources.swift */,
				4479027227BC330D0043EBEC /* RegistrationViewModel.swift */,
				4479027427BC33450043EBEC /* RegistrationViewController.swift */,
			);
			path = SubModules;
			sourceTree = "<group>";
		};
		4479027627BC33E20043EBEC /* TransactionsFlow */ = {
			isa = PBXGroup;
			children = (
				4479027B27BC34E80043EBEC /* SubModules */,
				4479027927BC346D0043EBEC /* TransactionsFlow.swift */,
				4479027727BC33F00043EBEC /* TransactionsFlowNavigator.swift */,
			);
			path = TransactionsFlow;
			sourceTree = "<group>";
		};
		4479027B27BC34E80043EBEC /* SubModules */ = {
			isa = PBXGroup;
			children = (
				44C3601F27C6B1010062595E /* Views */,
				4479027C27BC34FC0043EBEC /* TransactionsFactory.swift */,
				4479027E27BC356C0043EBEC /* TransactionsResources.swift */,
				4479028027BC358A0043EBEC /* TransactionsViewModel.swift */,
				4479028227BC35D70043EBEC /* TransactionsViewController.swift */,
			);
			path = SubModules;
			sourceTree = "<group>";
		};
		4479028727BC3B410043EBEC /* Views */ = {
			isa = PBXGroup;
			children = (
				440B4F5A27BE795E009F5A74 /* BaseViewController */,
				441BD86C27BE6BB900E3DB5A /* CustomButton */,
				4479028827BC3B470043EBEC /* CustomTextField */,
			);
			path = Views;
			sourceTree = "<group>";
		};
		4479028827BC3B470043EBEC /* CustomTextField */ = {
			isa = PBXGroup;
			children = (
				4479028927BC3B5C0043EBEC /* CustomTextField.swift */,
			);
			path = CustomTextField;
			sourceTree = "<group>";
		};
		449ECC9827C6C412006BD9EC /* TransactionManager */ = {
			isa = PBXGroup;
			children = (
				449ECC9927C6C420006BD9EC /* TransactionManager.swift */,
			);
			path = TransactionManager;
			sourceTree = "<group>";
		};
		44C3601F27C6B1010062595E /* Views */ = {
			isa = PBXGroup;
			children = (
				44C3602027C6B1160062595E /* TransactionCell.swift */,
			);
			path = Views;
			sourceTree = "<group>";
		};
		44C3602827C6B8320062595E /* AuthorizationManager */ = {
			isa = PBXGroup;
			children = (
				441BD87027BE6F9200E3DB5A /* AuthorizationManager.swift */,
			);
			path = AuthorizationManager;
			sourceTree = "<group>";
		};
		44C3602927C6B83B0062595E /* NetworkService */ = {
			isa = PBXGroup;
			children = (
				44C3603027C6BD3E0062595E /* NetworkError.swift */,
				44C3602427C6B77A0062595E /* NetworkService.swift */,
			);
			path = NetworkService;
			sourceTree = "<group>";
		};
		44CD2DF527C565AC002B8471 /* Helpers */ = {
			isa = PBXGroup;
			children = (
				44CD2DF627C565BF002B8471 /* UITextField+Publisher.swift */,
				44CD2DF827C57719002B8471 /* UserDefaults+PropertyWrappers.swift */,
				449ECC9B27C6D642006BD9EC /* Collection+Safe.swift */,
			);
			path = Helpers;
			sourceTree = "<group>";
		};
		44D6B49127BAF38B00569A49 = {
			isa = PBXGroup;
			children = (
				44D6B49C27BAF38B00569A49 /* LoginApp */,
				44D6B49B27BAF38B00569A49 /* Products */,
			);
			sourceTree = "<group>";
		};
		44D6B49B27BAF38B00569A49 /* Products */ = {
			isa = PBXGroup;
			children = (
				44D6B49A27BAF38B00569A49 /* LoginApp.app */,
			);
			name = Products;
			sourceTree = "<group>";
		};
		44D6B49C27BAF38B00569A49 /* LoginApp */ = {
			isa = PBXGroup;
			children = (
				44D6B49D27BAF38B00569A49 /* AppDelegate.swift */,
				44C3602627C6B7AB0062595E /* Constants.swift */,
				44D6B4B627BAF5C800569A49 /* Source */,
				44D6B4B327BAF4D200569A49 /* Resources */,
				44D6B4A827BAF38D00569A49 /* LaunchScreen.storyboard */,
				44D6B4AB27BAF38D00569A49 /* Info.plist */,
			);
			path = LoginApp;
			sourceTree = "<group>";
		};
		44D6B4B127BAF4A100569A49 /* MainFlow */ = {
			isa = PBXGroup;
			children = (
				4479025627BC2AB50043EBEC /* Extensions */,
				44D6B4B427BAF51000569A49 /* MainFlow.swift */,
				4479025427BC2A100043EBEC /* MainFlowNavigator.swift */,
			);
			path = MainFlow;
			sourceTree = "<group>";
		};
		44D6B4B327BAF4D200569A49 /* Resources */ = {
			isa = PBXGroup;
			children = (
				44D6B4A627BAF38D00569A49 /* Assets.xcassets */,
			);
			path = Resources;
			sourceTree = "<group>";
		};
		44D6B4B627BAF5C800569A49 /* Source */ = {
			isa = PBXGroup;
			children = (
				44D6B4B727BAF5D700569A49 /* Common */,
				4479025927BC2BC50043EBEC /* Flows */,
				44D6B4B127BAF4A100569A49 /* MainFlow */,
			);
			path = Source;
			sourceTree = "<group>";
		};
		44D6B4B727BAF5D700569A49 /* Common */ = {
			isa = PBXGroup;
			children = (
				44CD2DF527C565AC002B8471 /* Helpers */,
				440B4F5427BE7658009F5A74 /* Models */,
				441BD86F27BE6F8100E3DB5A /* Managers */,
				4479028727BC3B410043EBEC /* Views */,
				44D6B4B827BAF5E700569A49 /* Navigator */,
			);
			path = Common;
			sourceTree = "<group>";
		};
		44D6B4B827BAF5E700569A49 /* Navigator */ = {
			isa = PBXGroup;
			children = (
				44D6B4BB27BAF92700569A49 /* Extensions */,
				44D6B4B927BAF5F900569A49 /* UINavigator.swift */,
			);
			path = Navigator;
			sourceTree = "<group>";
		};
		44D6B4BB27BAF92700569A49 /* Extensions */ = {
			isa = PBXGroup;
			children = (
				44D6B4BC27BAF94600569A49 /* UIChangedRootControllerPublisher.swift */,
				44D6B4BE27BAF9F700569A49 /* UINavigationController.swift */,
			);
			path = Extensions;
			sourceTree = "<group>";
		};
/* End PBXGroup section */

/* Begin PBXNativeTarget section */
		44D6B49927BAF38B00569A49 /* LoginApp */ = {
			isa = PBXNativeTarget;
			buildConfigurationList = 44D6B4AE27BAF38D00569A49 /* Build configuration list for PBXNativeTarget "LoginApp" */;
			buildPhases = (
				44D6B49627BAF38B00569A49 /* Sources */,
				44D6B49727BAF38B00569A49 /* Frameworks */,
				44D6B49827BAF38B00569A49 /* Resources */,
			);
			buildRules = (
			);
			dependencies = (
			);
			name = LoginApp;
			packageProductDependencies = (
				4479028527BC39950043EBEC /* SnapKit-Dynamic */,
			);
			productName = Confero_Mokhan;
			productReference = 44D6B49A27BAF38B00569A49 /* LoginApp.app */;
			productType = "com.apple.product-type.application";
		};
/* End PBXNativeTarget section */

/* Begin PBXProject section */
		44D6B49227BAF38B00569A49 /* Project object */ = {
			isa = PBXProject;
			attributes = {
				BuildIndependentTargetsInParallel = 1;
				LastSwiftUpdateCheck = 1320;
				LastUpgradeCheck = 1320;
				TargetAttributes = {
					44D6B49927BAF38B00569A49 = {
						CreatedOnToolsVersion = 13.2.1;
					};
				};
			};
			buildConfigurationList = 44D6B49527BAF38B00569A49 /* Build configuration list for PBXProject "LoginApp" */;
			compatibilityVersion = "Xcode 13.0";
			developmentRegion = en;
			hasScannedForEncodings = 0;
			knownRegions = (
				en,
				Base,
			);
			mainGroup = 44D6B49127BAF38B00569A49;
			packageReferences = (
				4479028427BC39950043EBEC /* XCRemoteSwiftPackageReference "SnapKit" */,
			);
			productRefGroup = 44D6B49B27BAF38B00569A49 /* Products */;
			projectDirPath = "";
			projectRoot = "";
			targets = (
				44D6B49927BAF38B00569A49 /* LoginApp */,
			);
		};
/* End PBXProject section */

/* Begin PBXResourcesBuildPhase section */
		44D6B49827BAF38B00569A49 /* Resources */ = {
			isa = PBXResourcesBuildPhase;
			buildActionMask = 2147483647;
			files = (
				44D6B4AA27BAF38D00569A49 /* LaunchScreen.storyboard in Resources */,
				44D6B4A727BAF38D00569A49 /* Assets.xcassets in Resources */,
			);
			runOnlyForDeploymentPostprocessing = 0;
		};
/* End PBXResourcesBuildPhase section */

/* Begin PBXSourcesBuildPhase section */
		44D6B49627BAF38B00569A49 /* Sources */ = {
			isa = PBXSourcesBuildPhase;
			buildActionMask = 2147483647;
			files = (
				44C3602F27C6BAFE0062595E /* TransactionModel.swift in Sources */,
				4479027D27BC34FC0043EBEC /* TransactionsFactory.swift in Sources */,
				4479026A27BC31B40043EBEC /* RegistrationFlow.swift in Sources */,
				44C3602127C6B1160062595E /* TransactionCell.swift in Sources */,
				449ECC9A27C6C420006BD9EC /* TransactionManager.swift in Sources */,
				44CD2DF727C565BF002B8471 /* UITextField+Publisher.swift in Sources */,
				4479027F27BC356C0043EBEC /* TransactionsResources.swift in Sources */,
				4479026727BC2E040043EBEC /* AuthorizationViewController.swift in Sources */,
				441BD86E27BE6BC500E3DB5A /* CustomButton.swift in Sources */,
				4479025F27BC2C2E0043EBEC /* AuthorizationFlowNavigator.swift in Sources */,
				44C3603127C6BD3E0062595E /* NetworkError.swift in Sources */,
				44CD2DF927C57719002B8471 /* UserDefaults+PropertyWrappers.swift in Sources */,
				4479027827BC33F00043EBEC /* TransactionsFlowNavigator.swift in Sources */,
				4479028127BC358A0043EBEC /* TransactionsViewModel.swift in Sources */,
				449ECC9C27C6D642006BD9EC /* Collection+Safe.swift in Sources */,
				4479027327BC330D0043EBEC /* RegistrationViewModel.swift in Sources */,
				44C3602527C6B77A0062595E /* NetworkService.swift in Sources */,
				4479026527BC2DC20043EBEC /* AuthorizationViewModel.swift in Sources */,
				4479028A27BC3B5C0043EBEC /* CustomTextField.swift in Sources */,
				4479026F27BC32810043EBEC /* RegistrationFactory.swift in Sources */,
				4479026127BC2D4B0043EBEC /* AuthorizationFactory.swift in Sources */,
				440B4F5C27BE7979009F5A74 /* BaseViewController.swift in Sources */,
				440B4F6027BE8347009F5A74 /* MainFlow+Appearance.swift in Sources */,
				4479025527BC2A100043EBEC /* MainFlowNavigator.swift in Sources */,
				44D6B4BD27BAF94600569A49 /* UIChangedRootControllerPublisher.swift in Sources */,
				4479026C27BC32360043EBEC /* RegistrationFlowNavigator.swift in Sources */,
				4479025D27BC2C080043EBEC /* AuthorizationFlow.swift in Sources */,
				441BD87127BE6F9200E3DB5A /* AuthorizationManager.swift in Sources */,
				44D6B4BA27BAF5F900569A49 /* UINavigator.swift in Sources */,
				4479027A27BC346D0043EBEC /* TransactionsFlow.swift in Sources */,
				4479028327BC35D70043EBEC /* TransactionsViewController.swift in Sources */,
				4479026327BC2DA50043EBEC /* AuthorizationResources.swift in Sources */,
				4479027527BC33450043EBEC /* RegistrationViewController.swift in Sources */,
				4479025827BC2AD30043EBEC /* MainFlow+Navigation.swift in Sources */,
				44D6B4BF27BAF9F700569A49 /* UINavigationController.swift in Sources */,
				44D6B49E27BAF38B00569A49 /* AppDelegate.swift in Sources */,
				4479027127BC32EC0043EBEC /* RegistrationResources.swift in Sources */,
				440B4F5627BE766A009F5A74 /* UserModel.swift in Sources */,
				44C3602727C6B7AB0062595E /* Constants.swift in Sources */,
				44D6B4B527BAF51000569A49 /* MainFlow.swift in Sources */,
			);
			runOnlyForDeploymentPostprocessing = 0;
		};
/* End PBXSourcesBuildPhase section */

/* Begin PBXVariantGroup section */
		44D6B4A827BAF38D00569A49 /* LaunchScreen.storyboard */ = {
			isa = PBXVariantGroup;
			children = (
				44D6B4A927BAF38D00569A49 /* Base */,
			);
			name = LaunchScreen.storyboard;
			sourceTree = "<group>";
		};
/* End PBXVariantGroup section */

/* Begin XCBuildConfiguration section */
		44D6B4AC27BAF38D00569A49 /* Debug */ = {
			isa = XCBuildConfiguration;
			buildSettings = {
				ALWAYS_SEARCH_USER_PATHS = NO;
				CLANG_ANALYZER_NONNULL = YES;
				CLANG_ANALYZER_NUMBER_OBJECT_CONVERSION = YES_AGGRESSIVE;
				CLANG_CXX_LANGUAGE_STANDARD = "gnu++17";
				CLANG_CXX_LIBRARY = "libc++";
				CLANG_ENABLE_MODULES = YES;
				CLANG_ENABLE_OBJC_ARC = YES;
				CLANG_ENABLE_OBJC_WEAK = YES;
				CLANG_WARN_BLOCK_CAPTURE_AUTORELEASING = YES;
				CLANG_WARN_BOOL_CONVERSION = YES;
				CLANG_WARN_COMMA = YES;
				CLANG_WARN_CONSTANT_CONVERSION = YES;
				CLANG_WARN_DEPRECATED_OBJC_IMPLEMENTATIONS = YES;
				CLANG_WARN_DIRECT_OBJC_ISA_USAGE = YES_ERROR;
				CLANG_WARN_DOCUMENTATION_COMMENTS = YES;
				CLANG_WARN_EMPTY_BODY = YES;
				CLANG_WARN_ENUM_CONVERSION = YES;
				CLANG_WARN_INFINITE_RECURSION = YES;
				CLANG_WARN_INT_CONVERSION = YES;
				CLANG_WARN_NON_LITERAL_NULL_CONVERSION = YES;
				CLANG_WARN_OBJC_IMPLICIT_RETAIN_SELF = YES;
				CLANG_WARN_OBJC_LITERAL_CONVERSION = YES;
				CLANG_WARN_OBJC_ROOT_CLASS = YES_ERROR;
				CLANG_WARN_QUOTED_INCLUDE_IN_FRAMEWORK_HEADER = YES;
				CLANG_WARN_RANGE_LOOP_ANALYSIS = YES;
				CLANG_WARN_STRICT_PROTOTYPES = YES;
				CLANG_WARN_SUSPICIOUS_MOVE = YES;
				CLANG_WARN_UNGUARDED_AVAILABILITY = YES_AGGRESSIVE;
				CLANG_WARN_UNREACHABLE_CODE = YES;
				CLANG_WARN__DUPLICATE_METHOD_MATCH = YES;
				COPY_PHASE_STRIP = NO;
				DEBUG_INFORMATION_FORMAT = dwarf;
				ENABLE_STRICT_OBJC_MSGSEND = YES;
				ENABLE_TESTABILITY = YES;
				GCC_C_LANGUAGE_STANDARD = gnu11;
				GCC_DYNAMIC_NO_PIC = NO;
				GCC_NO_COMMON_BLOCKS = YES;
				GCC_OPTIMIZATION_LEVEL = 0;
				GCC_PREPROCESSOR_DEFINITIONS = (
					"DEBUG=1",
					"$(inherited)",
				);
				GCC_WARN_64_TO_32_BIT_CONVERSION = YES;
				GCC_WARN_ABOUT_RETURN_TYPE = YES_ERROR;
				GCC_WARN_UNDECLARED_SELECTOR = YES;
				GCC_WARN_UNINITIALIZED_AUTOS = YES_AGGRESSIVE;
				GCC_WARN_UNUSED_FUNCTION = YES;
				GCC_WARN_UNUSED_VARIABLE = YES;
				IPHONEOS_DEPLOYMENT_TARGET = 15.2;
				MTL_ENABLE_DEBUG_INFO = INCLUDE_SOURCE;
				MTL_FAST_MATH = YES;
				ONLY_ACTIVE_ARCH = YES;
				SDKROOT = iphoneos;
				SWIFT_ACTIVE_COMPILATION_CONDITIONS = DEBUG;
				SWIFT_OPTIMIZATION_LEVEL = "-Onone";
			};
			name = Debug;
		};
		44D6B4AD27BAF38D00569A49 /* Release */ = {
			isa = XCBuildConfiguration;
			buildSettings = {
				ALWAYS_SEARCH_USER_PATHS = NO;
				CLANG_ANALYZER_NONNULL = YES;
				CLANG_ANALYZER_NUMBER_OBJECT_CONVERSION = YES_AGGRESSIVE;
				CLANG_CXX_LANGUAGE_STANDARD = "gnu++17";
				CLANG_CXX_LIBRARY = "libc++";
				CLANG_ENABLE_MODULES = YES;
				CLANG_ENABLE_OBJC_ARC = YES;
				CLANG_ENABLE_OBJC_WEAK = YES;
				CLANG_WARN_BLOCK_CAPTURE_AUTORELEASING = YES;
				CLANG_WARN_BOOL_CONVERSION = YES;
				CLANG_WARN_COMMA = YES;
				CLANG_WARN_CONSTANT_CONVERSION = YES;
				CLANG_WARN_DEPRECATED_OBJC_IMPLEMENTATIONS = YES;
				CLANG_WARN_DIRECT_OBJC_ISA_USAGE = YES_ERROR;
				CLANG_WARN_DOCUMENTATION_COMMENTS = YES;
				CLANG_WARN_EMPTY_BODY = YES;
				CLANG_WARN_ENUM_CONVERSION = YES;
				CLANG_WARN_INFINITE_RECURSION = YES;
				CLANG_WARN_INT_CONVERSION = YES;
				CLANG_WARN_NON_LITERAL_NULL_CONVERSION = YES;
				CLANG_WARN_OBJC_IMPLICIT_RETAIN_SELF = YES;
				CLANG_WARN_OBJC_LITERAL_CONVERSION = YES;
				CLANG_WARN_OBJC_ROOT_CLASS = YES_ERROR;
				CLANG_WARN_QUOTED_INCLUDE_IN_FRAMEWORK_HEADER = YES;
				CLANG_WARN_RANGE_LOOP_ANALYSIS = YES;
				CLANG_WARN_STRICT_PROTOTYPES = YES;
				CLANG_WARN_SUSPICIOUS_MOVE = YES;
				CLANG_WARN_UNGUARDED_AVAILABILITY = YES_AGGRESSIVE;
				CLANG_WARN_UNREACHABLE_CODE = YES;
				CLANG_WARN__DUPLICATE_METHOD_MATCH = YES;
				COPY_PHASE_STRIP = NO;
				DEBUG_INFORMATION_FORMAT = "dwarf-with-dsym";
				ENABLE_NS_ASSERTIONS = NO;
				ENABLE_STRICT_OBJC_MSGSEND = YES;
				GCC_C_LANGUAGE_STANDARD = gnu11;
				GCC_NO_COMMON_BLOCKS = YES;
				GCC_WARN_64_TO_32_BIT_CONVERSION = YES;
				GCC_WARN_ABOUT_RETURN_TYPE = YES_ERROR;
				GCC_WARN_UNDECLARED_SELECTOR = YES;
				GCC_WARN_UNINITIALIZED_AUTOS = YES_AGGRESSIVE;
				GCC_WARN_UNUSED_FUNCTION = YES;
				GCC_WARN_UNUSED_VARIABLE = YES;
				IPHONEOS_DEPLOYMENT_TARGET = 15.2;
				MTL_ENABLE_DEBUG_INFO = NO;
				MTL_FAST_MATH = YES;
				SDKROOT = iphoneos;
				SWIFT_COMPILATION_MODE = wholemodule;
				SWIFT_OPTIMIZATION_LEVEL = "-O";
				VALIDATE_PRODUCT = YES;
			};
			name = Release;
		};
		44D6B4AF27BAF38D00569A49 /* Debug */ = {
			isa = XCBuildConfiguration;
			buildSettings = {
				ASSETCATALOG_COMPILER_APPICON_NAME = AppIcon;
				ASSETCATALOG_COMPILER_GLOBAL_ACCENT_COLOR_NAME = AccentColor;
				CODE_SIGN_STYLE = Automatic;
				CURRENT_PROJECT_VERSION = 1;
				DEVELOPMENT_TEAM = 37S8MMUAB7;
				GENERATE_INFOPLIST_FILE = YES;
				INFOPLIST_FILE = LoginApp/Info.plist;
				INFOPLIST_KEY_UIApplicationSupportsIndirectInputEvents = YES;
				INFOPLIST_KEY_UILaunchStoryboardName = LaunchScreen;
				INFOPLIST_KEY_UISupportedInterfaceOrientations_iPad = "UIInterfaceOrientationPortrait UIInterfaceOrientationPortraitUpsideDown UIInterfaceOrientationLandscapeLeft UIInterfaceOrientationLandscapeRight";
				INFOPLIST_KEY_UISupportedInterfaceOrientations_iPhone = "UIInterfaceOrientationPortrait UIInterfaceOrientationLandscapeLeft UIInterfaceOrientationLandscapeRight";
				IPHONEOS_DEPLOYMENT_TARGET = 13.0;
				LD_RUNPATH_SEARCH_PATHS = (
					"$(inherited)",
					"@executable_path/Frameworks",
				);
				MARKETING_VERSION = 1.0;
				PRODUCT_BUNDLE_IDENTIFIER = com.mokhaneugene.LoginApp;
				PRODUCT_NAME = "$(TARGET_NAME)";
				SWIFT_EMIT_LOC_STRINGS = YES;
				SWIFT_VERSION = 5.0;
				TARGETED_DEVICE_FAMILY = 1;
			};
			name = Debug;
		};
		44D6B4B027BAF38D00569A49 /* Release */ = {
			isa = XCBuildConfiguration;
			buildSettings = {
				ASSETCATALOG_COMPILER_APPICON_NAME = AppIcon;
				ASSETCATALOG_COMPILER_GLOBAL_ACCENT_COLOR_NAME = AccentColor;
				CODE_SIGN_STYLE = Automatic;
				CURRENT_PROJECT_VERSION = 1;
				DEVELOPMENT_TEAM = 37S8MMUAB7;
				GENERATE_INFOPLIST_FILE = YES;
				INFOPLIST_FILE = LoginApp/Info.plist;
				INFOPLIST_KEY_UIApplicationSupportsIndirectInputEvents = YES;
				INFOPLIST_KEY_UILaunchStoryboardName = LaunchScreen;
				INFOPLIST_KEY_UISupportedInterfaceOrientations_iPad = "UIInterfaceOrientationPortrait UIInterfaceOrientationPortraitUpsideDown UIInterfaceOrientationLandscapeLeft UIInterfaceOrientationLandscapeRight";
				INFOPLIST_KEY_UISupportedInterfaceOrientations_iPhone = "UIInterfaceOrientationPortrait UIInterfaceOrientationLandscapeLeft UIInterfaceOrientationLandscapeRight";
				IPHONEOS_DEPLOYMENT_TARGET = 13.0;
				LD_RUNPATH_SEARCH_PATHS = (
					"$(inherited)",
					"@executable_path/Frameworks",
				);
				MARKETING_VERSION = 1.0;
				PRODUCT_BUNDLE_IDENTIFIER = com.mokhaneugene.LoginApp;
				PRODUCT_NAME = "$(TARGET_NAME)";
				SWIFT_EMIT_LOC_STRINGS = YES;
				SWIFT_VERSION = 5.0;
				TARGETED_DEVICE_FAMILY = 1;
			};
			name = Release;
		};
/* End XCBuildConfiguration section */

/* Begin XCConfigurationList section */
		44D6B49527BAF38B00569A49 /* Build configuration list for PBXProject "LoginApp" */ = {
			isa = XCConfigurationList;
			buildConfigurations = (
				44D6B4AC27BAF38D00569A49 /* Debug */,
				44D6B4AD27BAF38D00569A49 /* Release */,
			);
			defaultConfigurationIsVisible = 0;
			defaultConfigurationName = Release;
		};
		44D6B4AE27BAF38D00569A49 /* Build configuration list for PBXNativeTarget "LoginApp" */ = {
			isa = XCConfigurationList;
			buildConfigurations = (
				44D6B4AF27BAF38D00569A49 /* Debug */,
				44D6B4B027BAF38D00569A49 /* Release */,
			);
			defaultConfigurationIsVisible = 0;
			defaultConfigurationName = Release;
		};
/* End XCConfigurationList section */

/* Begin XCRemoteSwiftPackageReference section */
		4479028427BC39950043EBEC /* XCRemoteSwiftPackageReference "SnapKit" */ = {
			isa = XCRemoteSwiftPackageReference;
			repositoryURL = "https://github.com/SnapKit/SnapKit.git";
			requirement = {
				branch = develop;
				kind = branch;
			};
		};
/* End XCRemoteSwiftPackageReference section */

/* Begin XCSwiftPackageProductDependency section */
		4479028527BC39950043EBEC /* SnapKit-Dynamic */ = {
			isa = XCSwiftPackageProductDependency;
			package = 4479028427BC39950043EBEC /* XCRemoteSwiftPackageReference "SnapKit" */;
			productName = "SnapKit-Dynamic";
		};
/* End XCSwiftPackageProductDependency section */
	};
	rootObject = 44D6B49227BAF38B00569A49 /* Project object */;
}
